
Microsoft Visual Studio Solution File, Format Version 12.00
# Visual Studio Version 17
VisualStudioVersion = 17.13.35919.96
MinimumVisualStudioVersion = 10.0.40219.1
Project("{FAE04EC0-301F-11D3-BF4B-00C04F79EFBC}") = "Firma.PortalWWW", "Firma.PortalWWW\Firma.PortalWWW.csproj", "{256FA7B9-F749-4CBD-A4D1-AF754EF72D0D}"
EndProject
Project("{FAE04EC0-301F-11D3-BF4B-00C04F79EFBC}") = "Firma.Intranet", "Firma.Intranet\Firma.Intranet.csproj", "{8D62F03B-3BB8-4FBD-B072-D7014C625FA3}"
EndProject
Project("{FAE04EC0-301F-11D3-BF4B-00C04F79EFBC}") = "Firma.Data", "Firma.Data\Firma.Data.csproj", "{45300ECD-E08A-4CDF-921B-A4D465DB2B8A}"
EndProject
Project("{FAE04EC0-301F-11D3-BF4B-00C04F79EFBC}") = "Firma.Interfaces", "Firma.Interfaces\Firma.Interfaces.csproj", "{DD5026AC-0E5C-4CF2-870A-C11570C9549C}"
EndProject
Project("{FAE04EC0-301F-11D3-BF4B-00C04F79EFBC}") = "Firma.Services", "Firma.Services\Firma.Services.csproj", "{A6D98828-EB9D-49E8-B06D-E9474C7A38C3}"
EndProject
Global
	GlobalSection(SolutionConfigurationPlatforms) = preSolution
		Debug|Any CPU = Debug|Any CPU
		Release|Any CPU = Release|Any CPU
	EndGlobalSection
	GlobalSection(ProjectConfigurationPlatforms) = postSolution
		{256FA7B9-F749-4CBD-A4D1-AF754EF72D0D}.Debug|Any CPU.ActiveCfg = Debug|Any CPU
		{256FA7B9-F749-4CBD-A4D1-AF754EF72D0D}.Debug|Any CPU.Build.0 = Debug|Any CPU
		{256FA7B9-F749-4CBD-A4D1-AF754EF72D0D}.Release|Any CPU.ActiveCfg = Release|Any CPU
		{256FA7B9-F749-4CBD-A4D1-AF754EF72D0D}.Release|Any CPU.Build.0 = Release|Any CPU
		{8D62F03B-3BB8-4FBD-B072-D7014C625FA3}.Debug|Any CPU.ActiveCfg = Debug|Any CPU
		{8D62F03B-3BB8-4FBD-B072-D7014C625FA3}.Debug|Any CPU.Build.0 = Debug|Any CPU
		{8D62F03B-3BB8-4FBD-B072-D7014C625FA3}.Release|Any CPU.ActiveCfg = Release|Any CPU
		{8D62F03B-3BB8-4FBD-B072-D7014C625FA3}.Release|Any CPU.Build.0 = Release|Any CPU
		{45300ECD-E08A-4CDF-921B-A4D465DB2B8A}.Debug|Any CPU.ActiveCfg = Debug|Any CPU
		{45300ECD-E08A-4CDF-921B-A4D465DB2B8A}.Debug|Any CPU.Build.0 = Debug|Any CPU
		{45300ECD-E08A-4CDF-921B-A4D465DB2B8A}.Release|Any CPU.ActiveCfg = Release|Any CPU
		{45300ECD-E08A-4CDF-921B-A4D465DB2B8A}.Release|Any CPU.Build.0 = Release|Any CPU
		{DD5026AC-0E5C-4CF2-870A-C11570C9549C}.Debug|Any CPU.ActiveCfg = Debug|Any CPU
		{DD5026AC-0E5C-4CF2-870A-C11570C9549C}.Debug|Any CPU.Build.0 = Debug|Any CPU
		{DD5026AC-0E5C-4CF2-870A-C11570C9549C}.Release|Any CPU.ActiveCfg = Release|Any CPU
		{DD5026AC-0E5C-4CF2-870A-C11570C9549C}.Release|Any CPU.Build.0 = Release|Any CPU
		{A6D98828-EB9D-49E8-B06D-E9474C7A38C3}.Debug|Any CPU.ActiveCfg = Debug|Any CPU
		{A6D98828-EB9D-49E8-B06D-E9474C7A38C3}.Debug|Any CPU.Build.0 = Debug|Any CPU
		{A6D98828-EB9D-49E8-B06D-E9474C7A38C3}.Release|Any CPU.ActiveCfg = Release|Any CPU
		{A6D98828-EB9D-49E8-B06D-E9474C7A38C3}.Release|Any CPU.Build.0 = Release|Any CPU
	EndGlobalSection
	GlobalSection(SolutionProperties) = preSolution
		HideSolutionNode = FALSE
	EndGlobalSection
	GlobalSection(ExtensibilityGlobals) = postSolution
		SolutionGuid = {461D214A-26F3-4F0C-8D83-0D52CBD5C6C0}
	EndGlobalSection
EndGlobal
